// !$*UTF8*$!
{
	archiveVersion = 1;
	classes = {
	};
	objectVersion = 46;
	objects = {

/* Begin PBXBuildFile section */
		8D8CAD881D94624900C44ED0 /* ScrollPageViewController.swift in Sources */ = {isa = PBXBuildFile; fileRef = 8D8CAD871D94624900C44ED0 /* ScrollPageViewController.swift */; };
		8DBF19731E75C30800547394 /* LoginViewController.swift in Sources */ = {isa = PBXBuildFile; fileRef = 8DBF19721E75C30800547394 /* LoginViewController.swift */; };
		8DBF19751E75C3F000547394 /* PlayerViewController.swift in Sources */ = {isa = PBXBuildFile; fileRef = 8DBF19741E75C3F000547394 /* PlayerViewController.swift */; };
		8DBF19771E75C86600547394 /* SongViewController.swift in Sources */ = {isa = PBXBuildFile; fileRef = 8DBF19761E75C86600547394 /* SongViewController.swift */; };
		8DC8FFD81D931635004B4A8C /* AppDelegate.swift in Sources */ = {isa = PBXBuildFile; fileRef = 8DC8FFD71D931635004B4A8C /* AppDelegate.swift */; };
		8DC8FFDA1D931635004B4A8C /* ViewController.swift in Sources */ = {isa = PBXBuildFile; fileRef = 8DC8FFD91D931635004B4A8C /* ViewController.swift */; };
		8DC8FFDD1D931635004B4A8C /* Main.storyboard in Resources */ = {isa = PBXBuildFile; fileRef = 8DC8FFDB1D931635004B4A8C /* Main.storyboard */; };
		8DC8FFDF1D931635004B4A8C /* Assets.xcassets in Resources */ = {isa = PBXBuildFile; fileRef = 8DC8FFDE1D931635004B4A8C /* Assets.xcassets */; };
		8DC8FFE21D931635004B4A8C /* LaunchScreen.storyboard in Resources */ = {isa = PBXBuildFile; fileRef = 8DC8FFE01D931635004B4A8C /* LaunchScreen.storyboard */; };
/* End PBXBuildFile section */

/* Begin PBXFileReference section */
		8D8CAD871D94624900C44ED0 /* ScrollPageViewController.swift */ = {isa = PBXFileReference; fileEncoding = 4; lastKnownFileType = sourcecode.swift; path = ScrollPageViewController.swift; sourceTree = "<group>"; };
		8DBF19721E75C30800547394 /* LoginViewController.swift */ = {isa = PBXFileReference; fileEncoding = 4; lastKnownFileType = sourcecode.swift; path = LoginViewController.swift; sourceTree = "<group>"; };
		8DBF19741E75C3F000547394 /* PlayerViewController.swift */ = {isa = PBXFileReference; fileEncoding = 4; lastKnownFileType = sourcecode.swift; path = PlayerViewController.swift; sourceTree = "<group>"; };
		8DBF19761E75C86600547394 /* SongViewController.swift */ = {isa = PBXFileReference; fileEncoding = 4; lastKnownFileType = sourcecode.swift; path = SongViewController.swift; sourceTree = "<group>"; };
		8DC8FFD41D931635004B4A8C /* MiraclePill.app */ = {isa = PBXFileReference; explicitFileType = wrapper.application; includeInIndex = 0; path = MiraclePill.app; sourceTree = BUILT_PRODUCTS_DIR; };
		8DC8FFD71D931635004B4A8C /* AppDelegate.swift */ = {isa = PBXFileReference; lastKnownFileType = sourcecode.swift; path = AppDelegate.swift; sourceTree = "<group>"; };
		8DC8FFD91D931635004B4A8C /* ViewController.swift */ = {isa = PBXFileReference; lastKnownFileType = sourcecode.swift; path = ViewController.swift; sourceTree = "<group>"; };
		8DC8FFDC1D931635004B4A8C /* Base */ = {isa = PBXFileReference; lastKnownFileType = file.storyboard; name = Base; path = Base.lproj/Main.storyboard; sourceTree = "<group>"; };
		8DC8FFDE1D931635004B4A8C /* Assets.xcassets */ = {isa = PBXFileReference; lastKnownFileType = folder.assetcatalog; path = Assets.xcassets; sourceTree = "<group>"; };
		8DC8FFE11D931635004B4A8C /* Base */ = {isa = PBXFileReference; lastKnownFileType = file.storyboard; name = Base; path = Base.lproj/LaunchScreen.storyboard; sourceTree = "<group>"; };
		8DC8FFE31D931635004B4A8C /* Info.plist */ = {isa = PBXFileReference; lastKnownFileType = text.plist.xml; path = Info.plist; sourceTree = "<group>"; };
/* End PBXFileReference section */

/* Begin PBXFrameworksBuildPhase section */
		8DC8FFD11D931635004B4A8C /* Frameworks */ = {
			isa = PBXFrameworksBuildPhase;
			buildActionMask = 2147483647;
			files = (
			);
			runOnlyForDeploymentPostprocessing = 0;
		};
/* End PBXFrameworksBuildPhase section */

/* Begin PBXGroup section */
		8DC8FFCB1D931635004B4A8C = {
			isa = PBXGroup;
			children = (
				8DC8FFD61D931635004B4A8C /* MiraclePill */,
				8DC8FFD51D931635004B4A8C /* Products */,
			);
			sourceTree = "<group>";
		};
		8DC8FFD51D931635004B4A8C /* Products */ = {
			isa = PBXGroup;
			children = (
				8DC8FFD41D931635004B4A8C /* MiraclePill.app */,
			);
			name = Products;
			sourceTree = "<group>";
		};
		8DC8FFD61D931635004B4A8C /* MiraclePill */ = {
			isa = PBXGroup;
			children = (
				8DC8FFD71D931635004B4A8C /* AppDelegate.swift */,
				8DC8FFD91D931635004B4A8C /* ViewController.swift */,
				8DBF19721E75C30800547394 /* LoginViewController.swift */,
				8DC8FFDB1D931635004B4A8C /* Main.storyboard */,
				8D8CAD871D94624900C44ED0 /* ScrollPageViewController.swift */,
				8DC8FFDE1D931635004B4A8C /* Assets.xcassets */,
				8DC8FFE01D931635004B4A8C /* LaunchScreen.storyboard */,
				8DC8FFE31D931635004B4A8C /* Info.plist */,
				8DBF19741E75C3F000547394 /* PlayerViewController.swift */,
				8DBF19761E75C86600547394 /* SongViewController.swift */,
			);
			path = MiraclePill;
			sourceTree = "<group>";
		};
/* End PBXGroup section */

/* Begin PBXNativeTarget section */
		8DC8FFD31D931635004B4A8C /* MiraclePill */ = {
			isa = PBXNativeTarget;
			buildConfigurationList = 8DC8FFE61D931635004B4A8C /* Build configuration list for PBXNativeTarget "MiraclePill" */;
			buildPhases = (
				8DC8FFD01D931635004B4A8C /* Sources */,
				8DC8FFD11D931635004B4A8C /* Frameworks */,
				8DC8FFD21D931635004B4A8C /* Resources */,
			);
			buildRules = (
			);
			dependencies = (
			);
			name = MiraclePill;
			productName = MiraclePill;
			productReference = 8DC8FFD41D931635004B4A8C /* MiraclePill.app */;
			productType = "com.apple.product-type.application";
		};
/* End PBXNativeTarget section */

/* Begin PBXProject section */
		8DC8FFCC1D931635004B4A8C /* Project object */ = {
			isa = PBXProject;
			attributes = {
				LastSwiftUpdateCheck = 0730;
				LastUpgradeCheck = 0810;
				ORGANIZATIONNAME = "Codelight Studios";
				TargetAttributes = {
					8DC8FFD31D931635004B4A8C = {
						CreatedOnToolsVersion = 7.3;
						LastSwiftMigration = 0810;
					};
				};
			};
			buildConfigurationList = 8DC8FFCF1D931635004B4A8C /* Build configuration list for PBXProject "MiraclePill" */;
			compatibilityVersion = "Xcode 3.2";
			developmentRegion = English;
			hasScannedForEncodings = 0;
			knownRegions = (
				en,
				Base,
			);
			mainGroup = 8DC8FFCB1D931635004B4A8C;
			productRefGroup = 8DC8FFD51D931635004B4A8C /* Products */;
			projectDirPath = "";
			projectRoot = "";
			targets = (
				8DC8FFD31D931635004B4A8C /* MiraclePill */,
			);
		};
/* End PBXProject section */

/* Begin PBXResourcesBuildPhase section */
		8DC8FFD21D931635004B4A8C /* Resources */ = {
			isa = PBXResourcesBuildPhase;
			buildActionMask = 2147483647;
			files = (
				8DC8FFE21D931635004B4A8C /* LaunchScreen.storyboard in Resources */,
				8DC8FFDF1D931635004B4A8C /* Assets.xcassets in Resources */,
				8DC8FFDD1D931635004B4A8C /* Main.storyboard in Resources */,
			);
			runOnlyForDeploymentPostprocessing = 0;
		};
/* End PBXResourcesBuildPhase section */

/* Begin PBXSourcesBuildPhase section */
		8DC8FFD01D931635004B4A8C /* Sources */ = {
			isa = PBXSourcesBuildPhase;
			buildActionMask = 2147483647;
			files = (
				8DBF19731E75C30800547394 /* LoginViewController.swift in Sources */,
				8DC8FFDA1D931635004B4A8C /* ViewController.swift in Sources */,
				8DC8FFD81D931635004B4A8C /* AppDelegate.swift in Sources */,
				8DBF19771E75C86600547394 /* SongViewController.swift in Sources */,
				8D8CAD881D94624900C44ED0 /* ScrollPageViewController.swift in Sources */,
				8DBF19751E75C3F000547394 /* PlayerViewController.swift in Sources */,
			);
			runOnlyForDeploymentPostprocessing = 0;
		};
/* End PBXSourcesBuildPhase section */

/* Begin PBXVariantGroup section */
		8DC8FFDB1D931635004B4A8C /* Main.storyboard */ = {
			isa = PBXVariantGroup;
			children = (
				8DC8FFDC1D931635004B4A8C /* Base */,
			);
			name = Main.storyboard;
			sourceTree = "<group>";
		};
		8DC8FFE01D931635004B4A8C /* LaunchScreen.storyboard */ = {
			isa = PBXVariantGroup;
			children = (
				8DC8FFE11D931635004B4A8C /* Base */,
			);
			name = LaunchScreen.storyboard;
			sourceTree = "<group>";
		};
/* End PBXVariantGroup section */

/* Begin XCBuildConfiguration section */
		8DC8FFE41D931635004B4A8C /* Debug */ = {
			isa = XCBuildConfiguration;
			buildSettings = {
				ALWAYS_SEARCH_USER_PATHS = NO;
				CLANG_ANALYZER_NONNULL = YES;
				CLANG_CXX_LANGUAGE_STANDARD = "gnu++0x";
				CLANG_CXX_LIBRARY = "libc++";
				CLANG_ENABLE_MODULES = YES;
				CLANG_ENABLE_OBJC_ARC = YES;
				CLANG_WARN_BOOL_CONVERSION = YES;
				CLANG_WARN_CONSTANT_CONVERSION = YES;
				CLANG_WARN_DIRECT_OBJC_ISA_USAGE = YES_ERROR;
				CLANG_WARN_EMPTY_BODY = YES;
				CLANG_WARN_ENUM_CONVERSION = YES;
				CLANG_WARN_INFINITE_RECURSION = YES;
				CLANG_WARN_INT_CONVERSION = YES;
				CLANG_WARN_OBJC_ROOT_CLASS = YES_ERROR;
				CLANG_WARN_SUSPICIOUS_MOVE = YES;
				CLANG_WARN_UNREACHABLE_CODE = YES;
				CLANG_WARN__DUPLICATE_METHOD_MATCH = YES;
				"CODE_SIGN_IDENTITY[sdk=iphoneos*]" = "iPhone Developer";
				COPY_PHASE_STRIP = NO;
				DEBUG_INFORMATION_FORMAT = dwarf;
				ENABLE_STRICT_OBJC_MSGSEND = YES;
				ENABLE_TESTABILITY = YES;
				GCC_C_LANGUAGE_STANDARD = gnu99;
				GCC_DYNAMIC_NO_PIC = NO;
				GCC_NO_COMMON_BLOCKS = YES;
				GCC_OPTIMIZATION_LEVEL = 0;
				GCC_PREPROCESSOR_DEFINITIONS = (
					"DEBUG=1",
					"$(inherited)",
				);
				GCC_WARN_64_TO_32_BIT_CONVERSION = YES;
				GCC_WARN_ABOUT_RETURN_TYPE = YES_ERROR;
				GCC_WARN_UNDECLARED_SELECTOR = YES;
				GCC_WARN_UNINITIALIZED_AUTOS = YES_AGGRESSIVE;
				GCC_WARN_UNUSED_FUNCTION = YES;
				GCC_WARN_UNUSED_VARIABLE = YES;
				IPHONEOS_DEPLOYMENT_TARGET = 9.3;
				MTL_ENABLE_DEBUG_INFO = YES;
				ONLY_ACTIVE_ARCH = YES;
				SDKROOT = iphoneos;
				SWIFT_OPTIMIZATION_LEVEL = "-Onone";
				TARGETED_DEVICE_FAMILY = "1,2";
			};
			name = Debug;
		};
		8DC8FFE51D931635004B4A8C /* Release */ = {
			isa = XCBuildConfiguration;
			buildSettings = {
				ALWAYS_SEARCH_USER_PATHS = NO;
				CLANG_ANALYZER_NONNULL = YES;
				CLANG_CXX_LANGUAGE_STANDARD = "gnu++0x";
				CLANG_CXX_LIBRARY = "libc++";
				CLANG_ENABLE_MODULES = YES;
				CLANG_ENABLE_OBJC_ARC = YES;
				CLANG_WARN_BOOL_CONVERSION = YES;
				CLANG_WARN_CONSTANT_CONVERSION = YES;
				CLANG_WARN_DIRECT_OBJC_ISA_USAGE = YES_ERROR;
				CLANG_WARN_EMPTY_BODY = YES;
				CLANG_WARN_ENUM_CONVERSION = YES;
				CLANG_WARN_INFINITE_RECURSION = YES;
				CLANG_WARN_INT_CONVERSION = YES;
				CLANG_WARN_OBJC_ROOT_CLASS = YES_ERROR;
				CLANG_WARN_SUSPICIOUS_MOVE = YES;
				CLANG_WARN_UNREACHABLE_CODE = YES;
				CLANG_WARN__DUPLICATE_METHOD_MATCH = YES;
				"CODE_SIGN_IDENTITY[sdk=iphoneos*]" = "iPhone Developer";
				COPY_PHASE_STRIP = NO;
				DEBUG_INFORMATION_FORMAT = "dwarf-with-dsym";
				ENABLE_NS_ASSERTIONS = NO;
				ENABLE_STRICT_OBJC_MSGSEND = YES;
				GCC_C_LANGUAGE_STANDARD = gnu99;
				GCC_NO_COMMON_BLOCKS = YES;
				GCC_WARN_64_TO_32_BIT_CONVERSION = YES;
				GCC_WARN_ABOUT_RETURN_TYPE = YES_ERROR;
				GCC_WARN_UNDECLARED_SELECTOR = YES;
				GCC_WARN_UNINITIALIZED_AUTOS = YES_AGGRESSIVE;
				GCC_WARN_UNUSED_FUNCTION = YES;
				GCC_WARN_UNUSED_VARIABLE = YES;
				IPHONEOS_DEPLOYMENT_TARGET = 9.3;
				MTL_ENABLE_DEBUG_INFO = NO;
				SDKROOT = iphoneos;
				SWIFT_OPTIMIZATION_LEVEL = "-Owholemodule";
				TARGETED_DEVICE_FAMILY = "1,2";
				VALIDATE_PRODUCT = YES;
			};
			name = Release;
		};
		8DC8FFE71D931635004B4A8C /* Debug */ = {
			isa = XCBuildConfiguration;
			buildSettings = {
				ASSETCATALOG_COMPILER_APPICON_NAME = AppIcon;
				INFOPLIST_FILE = MiraclePill/Info.plist;
				LD_RUNPATH_SEARCH_PATHS = "$(inherited) @executable_path/Frameworks";
				PRODUCT_BUNDLE_IDENTIFIER = studios.codelight.MiraclePill;
				PRODUCT_NAME = "$(TARGET_NAME)";
				SWIFT_VERSION = 3.0;
			};
			name = Debug;
		};
		8DC8FFE81D931635004B4A8C /* Release */ = {
			isa = XCBuildConfiguration;
			buildSettings = {
				ASSETCATALOG_COMPILER_APPICON_NAME = AppIcon;
				INFOPLIST_FILE = MiraclePill/Info.plist;
				LD_RUNPATH_SEARCH_PATHS = "$(inherited) @executable_path/Frameworks";
				PRODUCT_BUNDLE_IDENTIFIER = studios.codelight.MiraclePill;
				PRODUCT_NAME = "$(TARGET_NAME)";
				SWIFT_VERSION = 3.0;
			};
			name = Release;
		};
/* End XCBuildConfiguration section */

/* Begin XCConfigurationList section */
		8DC8FFCF1D931635004B4A8C /* Build configuration list for PBXProject "MiraclePill" */ = {
			isa = XCConfigurationList;
			buildConfigurations = (
				8DC8FFE41D931635004B4A8C /* Debug */,
				8DC8FFE51D931635004B4A8C /* Release */,
			);
			defaultConfigurationIsVisible = 0;
			defaultConfigurationName = Release;
		};
		8DC8FFE61D931635004B4A8C /* Build configuration list for PBXNativeTarget "MiraclePill" */ = {
			isa = XCConfigurationList;
			buildConfigurations = (
				8DC8FFE71D931635004B4A8C /* Debug */,
				8DC8FFE81D931635004B4A8C /* Release */,
			);
			defaultConfigurationIsVisible = 0;
			defaultConfigurationName = Release;
		};
/* End XCConfigurationList section */
	};
	rootObject = 8DC8FFCC1D931635004B4A8C /* Project object */;
}
